
Microsoft Visual Studio Solution File, Format Version 12.00
# Visual Studio 15
VisualStudioVersion = 15.0.28010.2016
MinimumVisualStudioVersion = 10.0.40219.1
Project("{FAE04EC0-301F-11D3-BF4B-00C04F79EFBC}") = "PrimeNumbers", "PrimeNumbers\PrimeNumbers.csproj", "{FB93D916-42AE-4473-8139-EC786408FA6E}"
EndProject
Global
	GlobalSection(SolutionConfigurationPlatforms) = preSolution
		Debug|Any CPU = Debug|Any CPU
		Release|Any CPU = Release|Any CPU
	EndGlobalSection
	GlobalSection(ProjectConfigurationPlatforms) = postSolution
		{FB93D916-42AE-4473-8139-EC786408FA6E}.Debug|Any CPU.ActiveCfg = Debug|Any CPU
		{FB93D916-42AE-4473-8139-EC786408FA6E}.Debug|Any CPU.Build.0 = Debug|Any CPU
		{FB93D916-42AE-4473-8139-EC786408FA6E}.Release|Any CPU.ActiveCfg = Release|Any CPU
		{FB93D916-42AE-4473-8139-EC786408FA6E}.Release|Any CPU.Build.0 = Release|Any CPU
	EndGlobalSection
	GlobalSection(SolutionProperties) = preSolution
		HideSolutionNode = FALSE
	EndGlobalSection
	GlobalSection(ExtensibilityGlobals) = postSolution
		SolutionGuid = {00E05E2C-1170-412A-B811-A23327B6B7CB}
	EndGlobalSection
EndGlobal
